{
  "requires": true,
  "lockfileVersion": 1,
  "dependencies": {
    "node": {
      "version": "9.9.0",
      "resolved": "https://registry.npmjs.org/node/-/node-9.9.0.tgz",
      "integrity": "sha512-HkxJaYK27DuOKoJmyaz/z4kQKCx5B9r1ixhkzh+Fit5qZgYwdop4CePAtz3urK2Yi5dReFg3deFymdUl9CHTgQ==",
      "requires": {
        "node-bin-setup": "1.0.6"
      }
    },
    "node-bin-setup": {
      "version": "1.0.6",
      "resolved": "https://registry.npmjs.org/node-bin-setup/-/node-bin-setup-1.0.6.tgz",
      "integrity": "sha512-uPIxXNis1CRbv1DwqAxkgBk5NFV3s7cMN/Gf556jSw6jBvV7ca4F9lRL/8cALcZecRibeqU+5dFYqFFmzv5a0Q=="
    }
  }
}
